
Microsoft Visual Studio Solution File, Format Version 12.00
# Visual Studio Version 17
VisualStudioVersion = 17.5.33424.131
MinimumVisualStudioVersion = 10.0.40219.1
Project("{FAE04EC0-301F-11D3-BF4B-00C04F79EFBC}") = "TestAppExample", "TestAppExample\TestAppExample.csproj", "{C99BC808-E69B-42BB-9B52-77EFF74C6645}"
EndProject
Project("{FAE04EC0-301F-11D3-BF4B-00C04F79EFBC}") = "JobApplication.UnitTest", "JobApplication.UnitTest\JobApplication.UnitTest.csproj", "{9E93D2C1-EA94-444E-9277-C871B197D6D9}"
EndProject
Global
	GlobalSection(SolutionConfigurationPlatforms) = preSolution
		Debug|Any CPU = Debug|Any CPU
		Release|Any CPU = Release|Any CPU
	EndGlobalSection
	GlobalSection(ProjectConfigurationPlatforms) = postSolution
		{C99BC808-E69B-42BB-9B52-77EFF74C6645}.Debug|Any CPU.ActiveCfg = Debug|Any CPU
		{C99BC808-E69B-42BB-9B52-77EFF74C6645}.Debug|Any CPU.Build.0 = Debug|Any CPU
		{C99BC808-E69B-42BB-9B52-77EFF74C6645}.Release|Any CPU.ActiveCfg = Release|Any CPU
		{C99BC808-E69B-42BB-9B52-77EFF74C6645}.Release|Any CPU.Build.0 = Release|Any CPU
		{9E93D2C1-EA94-444E-9277-C871B197D6D9}.Debug|Any CPU.ActiveCfg = Debug|Any CPU
		{9E93D2C1-EA94-444E-9277-C871B197D6D9}.Debug|Any CPU.Build.0 = Debug|Any CPU
		{9E93D2C1-EA94-444E-9277-C871B197D6D9}.Release|Any CPU.ActiveCfg = Release|Any CPU
		{9E93D2C1-EA94-444E-9277-C871B197D6D9}.Release|Any CPU.Build.0 = Release|Any CPU
	EndGlobalSection
	GlobalSection(SolutionProperties) = preSolution
		HideSolutionNode = FALSE
	EndGlobalSection
	GlobalSection(ExtensibilityGlobals) = postSolution
		SolutionGuid = {1DE391C6-CB63-4974-8952-AD322791CB9B}
	EndGlobalSection
EndGlobal
